// !$*UTF8*$!
{
	archiveVersion = 1;
	classes = {
	};
	objectVersion = 48;
	objects = {

/* Begin PBXBuildFile section */
		3460A2877879EF9D7F984C53 /* libPods-Eat.a in Frameworks */ = {isa = PBXBuildFile; fileRef = 6A3C7477C6AB852E177639B7 /* libPods-Eat.a */; };
		AF578F87207B7CD800CF6190 /* NavigationBarItems.m in Sources */ = {isa = PBXBuildFile; fileRef = AF578F86207B7CD800CF6190 /* NavigationBarItems.m */; };
		AF578F89207B7D1000CF6190 /* NavigationBarItems.xib in Resources */ = {isa = PBXBuildFile; fileRef = AF578F88207B7D1000CF6190 /* NavigationBarItems.xib */; };
		AF7EF27F207B8B58003C56BD /* RestaurantsMapViewController.m in Sources */ = {isa = PBXBuildFile; fileRef = AF7EF27E207B8B58003C56BD /* RestaurantsMapViewController.m */; };
		AF7EF284207B99C5003C56BD /* MarkerInfoView.m in Sources */ = {isa = PBXBuildFile; fileRef = AF7EF283207B99C5003C56BD /* MarkerInfoView.m */; };
		AF7EF287207B9A0E003C56BD /* RestaurantMarker.m in Sources */ = {isa = PBXBuildFile; fileRef = AF7EF286207B9A0E003C56BD /* RestaurantMarker.m */; };
		AF7EF289207B9ACC003C56BD /* MarkerInfoView.xib in Resources */ = {isa = PBXBuildFile; fileRef = AF7EF288207B9ACC003C56BD /* MarkerInfoView.xib */; };
		AF7EF29A207CA89F003C56BD /* RestaurantSmallCollectionViewCell.m in Sources */ = {isa = PBXBuildFile; fileRef = AF7EF298207CA89F003C56BD /* RestaurantSmallCollectionViewCell.m */; };
		AF7EF29B207CA89F003C56BD /* RestaurantSmallCollectionViewCell.xib in Resources */ = {isa = PBXBuildFile; fileRef = AF7EF299207CA89F003C56BD /* RestaurantSmallCollectionViewCell.xib */; };
		AF85677A207CDEB300143BCD /* TripAdvisorReviewsViewController.m in Sources */ = {isa = PBXBuildFile; fileRef = AF856779207CDEB300143BCD /* TripAdvisorReviewsViewController.m */; };
		AF856787207CEE7F00143BCD /* TripAdvisorRevCollectionViewCell.m in Sources */ = {isa = PBXBuildFile; fileRef = AF856785207CEE7F00143BCD /* TripAdvisorRevCollectionViewCell.m */; };
		AF856788207CEE7F00143BCD /* TripAdvisorRevCollectionViewCell.xib in Resources */ = {isa = PBXBuildFile; fileRef = AF856786207CEE7F00143BCD /* TripAdvisorRevCollectionViewCell.xib */; };
		AF8CD36020837F1600F18173 /* LoaderCollectionViewCell.xib in Resources */ = {isa = PBXBuildFile; fileRef = AF8CD35E20837F1600F18173 /* LoaderCollectionViewCell.xib */; };
		AF8CD3632083CDBF00F18173 /* ImageLoadingManager.m in Sources */ = {isa = PBXBuildFile; fileRef = AF8CD3622083CDBF00F18173 /* ImageLoadingManager.m */; };
		AF8CD3662083DB0300F18173 /* EatImageView.m in Sources */ = {isa = PBXBuildFile; fileRef = AF8CD3652083DB0300F18173 /* EatImageView.m */; };
		AF8CD3772084ACB000F18173 /* GenericSectionItemCollectionViewCell.m in Sources */ = {isa = PBXBuildFile; fileRef = AF8CD3752084ACB000F18173 /* GenericSectionItemCollectionViewCell.m */; };
		AF8CD3782084ACB000F18173 /* GenericSectionItemCollectionViewCell.xib in Resources */ = {isa = PBXBuildFile; fileRef = AF8CD3762084ACB000F18173 /* GenericSectionItemCollectionViewCell.xib */; };
		AF8CD3822084B02B00F18173 /* GenericSectionItemModel.m in Sources */ = {isa = PBXBuildFile; fileRef = AF8CD3812084B02B00F18173 /* GenericSectionItemModel.m */; };
		AF912A7E207B5124009463BC /* RestaurantInfoItemCollectionViewCell.m in Sources */ = {isa = PBXBuildFile; fileRef = AF912A7C207B5124009463BC /* RestaurantInfoItemCollectionViewCell.m */; };
		AF912A7F207B5124009463BC /* RestaurantInfoItemCollectionViewCell.xib in Resources */ = {isa = PBXBuildFile; fileRef = AF912A7D207B5124009463BC /* RestaurantInfoItemCollectionViewCell.xib */; };
		AFAC50A320850661000ABF61 /* ImageItemCollectionViewCell.m in Sources */ = {isa = PBXBuildFile; fileRef = AFAC50A120850661000ABF61 /* ImageItemCollectionViewCell.m */; };
		AFAC50A420850661000ABF61 /* ImageItemCollectionViewCell.xib in Resources */ = {isa = PBXBuildFile; fileRef = AFAC50A220850661000ABF61 /* ImageItemCollectionViewCell.xib */; };
		AFC044B32085F2D100BCF146 /* APIManager.m in Sources */ = {isa = PBXBuildFile; fileRef = AFC044B22085F2D100BCF146 /* APIManager.m */; };
		AFC044D72086802400BCF146 /* RestaurantDetailViewController.m in Sources */ = {isa = PBXBuildFile; fileRef = AFC044D62086802400BCF146 /* RestaurantDetailViewController.m */; };
		AFC044EA2086813B00BCF146 /* NotesCell.xib in Resources */ = {isa = PBXBuildFile; fileRef = AFC044D82086813900BCF146 /* NotesCell.xib */; };
		AFC044EB2086813B00BCF146 /* BookTableCell.xib in Resources */ = {isa = PBXBuildFile; fileRef = AFC044D92086813900BCF146 /* BookTableCell.xib */; };
		AFC044EC2086813B00BCF146 /* BookTableCell.m in Sources */ = {isa = PBXBuildFile; fileRef = AFC044DA2086813900BCF146 /* BookTableCell.m */; };
		AFC044ED2086813B00BCF146 /* NotesCell.m in Sources */ = {isa = PBXBuildFile; fileRef = AFC044DC2086813900BCF146 /* NotesCell.m */; };
		AFC044EE2086813B00BCF146 /* RestaurantInfoCell.xib in Resources */ = {isa = PBXBuildFile; fileRef = AFC044DE2086813A00BCF146 /* RestaurantInfoCell.xib */; };
		AFC044EF2086813B00BCF146 /* SimilarRestaurantsCell.xib in Resources */ = {isa = PBXBuildFile; fileRef = AFC044DF2086813A00BCF146 /* SimilarRestaurantsCell.xib */; };
		AFC044F02086813B00BCF146 /* SimilarRestaurantsCell.m in Sources */ = {isa = PBXBuildFile; fileRef = AFC044E22086813A00BCF146 /* SimilarRestaurantsCell.m */; };
		AFC044F12086813B00BCF146 /* GenericSectionCell.xib in Resources */ = {isa = PBXBuildFile; fileRef = AFC044E42086813A00BCF146 /* GenericSectionCell.xib */; };
		AFC044F22086813B00BCF146 /* RestaurantInfoCell.m in Sources */ = {isa = PBXBuildFile; fileRef = AFC044E52086813A00BCF146 /* RestaurantInfoCell.m */; };
		AFC044F32086813B00BCF146 /* GenericSectionCell.m in Sources */ = {isa = PBXBuildFile; fileRef = AFC044E62086813A00BCF146 /* GenericSectionCell.m */; };
		AFC044F42086813B00BCF146 /* ImagesPagerCell.xib in Resources */ = {isa = PBXBuildFile; fileRef = AFC044E72086813B00BCF146 /* ImagesPagerCell.xib */; };
		AFC044F52086813B00BCF146 /* ImagesPagerCell.m in Sources */ = {isa = PBXBuildFile; fileRef = AFC044E92086813B00BCF146 /* ImagesPagerCell.m */; };
		AFD29CA22079F228008AFF9F /* AppDelegate.m in Sources */ = {isa = PBXBuildFile; fileRef = AFD29CA12079F228008AFF9F /* AppDelegate.m */; };
		AFD29CA52079F228008AFF9F /* RegionsViewController.m in Sources */ = {isa = PBXBuildFile; fileRef = AFD29CA42079F228008AFF9F /* RegionsViewController.m */; };
		AFD29CA82079F228008AFF9F /* Main.storyboard in Resources */ = {isa = PBXBuildFile; fileRef = AFD29CA62079F228008AFF9F /* Main.storyboard */; };
		AFD29CAB2079F228008AFF9F /* Eat.xcdatamodeld in Sources */ = {isa = PBXBuildFile; fileRef = AFD29CA92079F228008AFF9F /* Eat.xcdatamodeld */; };
		AFD29CAD2079F228008AFF9F /* Assets.xcassets in Resources */ = {isa = PBXBuildFile; fileRef = AFD29CAC2079F228008AFF9F /* Assets.xcassets */; };
		AFD29CB02079F228008AFF9F /* LaunchScreen.storyboard in Resources */ = {isa = PBXBuildFile; fileRef = AFD29CAE2079F228008AFF9F /* LaunchScreen.storyboard */; };
		AFD29CB32079F228008AFF9F /* main.m in Sources */ = {isa = PBXBuildFile; fileRef = AFD29CB22079F228008AFF9F /* main.m */; };
		AFD29CCC2079F99D008AFF9F /* RegionModel.m in Sources */ = {isa = PBXBuildFile; fileRef = AFD29CCB2079F99D008AFF9F /* RegionModel.m */; };
		AFD29CD32079FEDE008AFF9F /* RegionCollectionViewCell.m in Sources */ = {isa = PBXBuildFile; fileRef = AFD29CD12079FEDE008AFF9F /* RegionCollectionViewCell.m */; };
		AFD29CD42079FEDE008AFF9F /* RegionCollectionViewCell.xib in Resources */ = {isa = PBXBuildFile; fileRef = AFD29CD22079FEDE008AFF9F /* RegionCollectionViewCell.xib */; };
		AFD29CD8207A0BD3008AFF9F /* RestaurantsListViewController.m in Sources */ = {isa = PBXBuildFile; fileRef = AFD29CD7207A0BD3008AFF9F /* RestaurantsListViewController.m */; };
		AFD29CE9207A0F70008AFF9F /* RestaurantModel.m in Sources */ = {isa = PBXBuildFile; fileRef = AFD29CE8207A0F70008AFF9F /* RestaurantModel.m */; };
		AFD29CED207A0F8D008AFF9F /* RestaurantCollectionViewCell.m in Sources */ = {isa = PBXBuildFile; fileRef = AFD29CEB207A0F8D008AFF9F /* RestaurantCollectionViewCell.m */; };
		AFD29CEE207A0F8D008AFF9F /* RestaurantCollectionViewCell.xib in Resources */ = {isa = PBXBuildFile; fileRef = AFD29CEC207A0F8D008AFF9F /* RestaurantCollectionViewCell.xib */; };
		AFD29CF1207A21C0008AFF9F /* ReviewModel.m in Sources */ = {isa = PBXBuildFile; fileRef = AFD29CF0207A21C0008AFF9F /* ReviewModel.m */; };
		AFD29CF4207A2394008AFF9F /* RatingModel.m in Sources */ = {isa = PBXBuildFile; fileRef = AFD29CF3207A2394008AFF9F /* RatingModel.m */; };
		AFD29CF8207A35CA008AFF9F /* UIHelper.m in Sources */ = {isa = PBXBuildFile; fileRef = AFD29CF7207A35CA008AFF9F /* UIHelper.m */; };
		AFD29CFE207A3A91008AFF9F /* NSString+Repeat.m in Sources */ = {isa = PBXBuildFile; fileRef = AFD29CFD207A3A91008AFF9F /* NSString+Repeat.m */; };
/* End PBXBuildFile section */

/* Begin PBXFileReference section */
		665A5DBAB576804E29853B57 /* Pods-Eat.release.xcconfig */ = {isa = PBXFileReference; includeInIndex = 1; lastKnownFileType = text.xcconfig; name = "Pods-Eat.release.xcconfig"; path = "Pods/Target Support Files/Pods-Eat/Pods-Eat.release.xcconfig"; sourceTree = "<group>"; };
		6A3C7477C6AB852E177639B7 /* libPods-Eat.a */ = {isa = PBXFileReference; explicitFileType = archive.ar; includeInIndex = 0; path = "libPods-Eat.a"; sourceTree = BUILT_PRODUCTS_DIR; };
		812645657A8E0B1A03537CEB /* Pods-Eat.debug.xcconfig */ = {isa = PBXFileReference; includeInIndex = 1; lastKnownFileType = text.xcconfig; name = "Pods-Eat.debug.xcconfig"; path = "Pods/Target Support Files/Pods-Eat/Pods-Eat.debug.xcconfig"; sourceTree = "<group>"; };
		AF578F85207B7CD800CF6190 /* NavigationBarItems.h */ = {isa = PBXFileReference; lastKnownFileType = sourcecode.c.h; path = NavigationBarItems.h; sourceTree = "<group>"; };
		AF578F86207B7CD800CF6190 /* NavigationBarItems.m */ = {isa = PBXFileReference; lastKnownFileType = sourcecode.c.objc; path = NavigationBarItems.m; sourceTree = "<group>"; };
		AF578F88207B7D1000CF6190 /* NavigationBarItems.xib */ = {isa = PBXFileReference; lastKnownFileType = file.xib; path = NavigationBarItems.xib; sourceTree = "<group>"; };
		AF7EF27D207B8B58003C56BD /* RestaurantsMapViewController.h */ = {isa = PBXFileReference; lastKnownFileType = sourcecode.c.h; path = RestaurantsMapViewController.h; sourceTree = "<group>"; };
		AF7EF27E207B8B58003C56BD /* RestaurantsMapViewController.m */ = {isa = PBXFileReference; lastKnownFileType = sourcecode.c.objc; path = RestaurantsMapViewController.m; sourceTree = "<group>"; };
		AF7EF282207B99C5003C56BD /* MarkerInfoView.h */ = {isa = PBXFileReference; lastKnownFileType = sourcecode.c.h; path = MarkerInfoView.h; sourceTree = "<group>"; };
		AF7EF283207B99C5003C56BD /* MarkerInfoView.m */ = {isa = PBXFileReference; lastKnownFileType = sourcecode.c.objc; path = MarkerInfoView.m; sourceTree = "<group>"; };
		AF7EF285207B9A0E003C56BD /* RestaurantMarker.h */ = {isa = PBXFileReference; lastKnownFileType = sourcecode.c.h; path = RestaurantMarker.h; sourceTree = "<group>"; };
		AF7EF286207B9A0E003C56BD /* RestaurantMarker.m */ = {isa = PBXFileReference; lastKnownFileType = sourcecode.c.objc; path = RestaurantMarker.m; sourceTree = "<group>"; };
		AF7EF288207B9ACC003C56BD /* MarkerInfoView.xib */ = {isa = PBXFileReference; lastKnownFileType = file.xib; path = MarkerInfoView.xib; sourceTree = "<group>"; };
		AF7EF297207CA89F003C56BD /* RestaurantSmallCollectionViewCell.h */ = {isa = PBXFileReference; lastKnownFileType = sourcecode.c.h; path = RestaurantSmallCollectionViewCell.h; sourceTree = "<group>"; };
		AF7EF298207CA89F003C56BD /* RestaurantSmallCollectionViewCell.m */ = {isa = PBXFileReference; lastKnownFileType = sourcecode.c.objc; path = RestaurantSmallCollectionViewCell.m; sourceTree = "<group>"; };
		AF7EF299207CA89F003C56BD /* RestaurantSmallCollectionViewCell.xib */ = {isa = PBXFileReference; lastKnownFileType = file.xib; path = RestaurantSmallCollectionViewCell.xib; sourceTree = "<group>"; };
		AF856778207CDEB300143BCD /* TripAdvisorReviewsViewController.h */ = {isa = PBXFileReference; lastKnownFileType = sourcecode.c.h; path = TripAdvisorReviewsViewController.h; sourceTree = "<group>"; };
		AF856779207CDEB300143BCD /* TripAdvisorReviewsViewController.m */ = {isa = PBXFileReference; lastKnownFileType = sourcecode.c.objc; path = TripAdvisorReviewsViewController.m; sourceTree = "<group>"; };
		AF856784207CEE7F00143BCD /* TripAdvisorRevCollectionViewCell.h */ = {isa = PBXFileReference; lastKnownFileType = sourcecode.c.h; path = TripAdvisorRevCollectionViewCell.h; sourceTree = "<group>"; };
		AF856785207CEE7F00143BCD /* TripAdvisorRevCollectionViewCell.m */ = {isa = PBXFileReference; lastKnownFileType = sourcecode.c.objc; path = TripAdvisorRevCollectionViewCell.m; sourceTree = "<group>"; };
		AF856786207CEE7F00143BCD /* TripAdvisorRevCollectionViewCell.xib */ = {isa = PBXFileReference; lastKnownFileType = file.xib; path = TripAdvisorRevCollectionViewCell.xib; sourceTree = "<group>"; };
		AF856789207D143C00143BCD /* Constants.h */ = {isa = PBXFileReference; lastKnownFileType = sourcecode.c.h; path = Constants.h; sourceTree = "<group>"; };
		AF8CD35E20837F1600F18173 /* LoaderCollectionViewCell.xib */ = {isa = PBXFileReference; lastKnownFileType = file.xib; path = LoaderCollectionViewCell.xib; sourceTree = "<group>"; };
		AF8CD3612083CDBF00F18173 /* ImageLoadingManager.h */ = {isa = PBXFileReference; lastKnownFileType = sourcecode.c.h; path = ImageLoadingManager.h; sourceTree = "<group>"; };
		AF8CD3622083CDBF00F18173 /* ImageLoadingManager.m */ = {isa = PBXFileReference; lastKnownFileType = sourcecode.c.objc; path = ImageLoadingManager.m; sourceTree = "<group>"; };
		AF8CD3642083DB0300F18173 /* EatImageView.h */ = {isa = PBXFileReference; lastKnownFileType = sourcecode.c.h; path = EatImageView.h; sourceTree = "<group>"; };
		AF8CD3652083DB0300F18173 /* EatImageView.m */ = {isa = PBXFileReference; lastKnownFileType = sourcecode.c.objc; path = EatImageView.m; sourceTree = "<group>"; };
		AF8CD3742084ACB000F18173 /* GenericSectionItemCollectionViewCell.h */ = {isa = PBXFileReference; lastKnownFileType = sourcecode.c.h; path = GenericSectionItemCollectionViewCell.h; sourceTree = "<group>"; };
		AF8CD3752084ACB000F18173 /* GenericSectionItemCollectionViewCell.m */ = {isa = PBXFileReference; lastKnownFileType = sourcecode.c.objc; path = GenericSectionItemCollectionViewCell.m; sourceTree = "<group>"; };
		AF8CD3762084ACB000F18173 /* GenericSectionItemCollectionViewCell.xib */ = {isa = PBXFileReference; lastKnownFileType = file.xib; path = GenericSectionItemCollectionViewCell.xib; sourceTree = "<group>"; };
		AF8CD3802084B02B00F18173 /* GenericSectionItemModel.h */ = {isa = PBXFileReference; lastKnownFileType = sourcecode.c.h; path = GenericSectionItemModel.h; sourceTree = "<group>"; };
		AF8CD3812084B02B00F18173 /* GenericSectionItemModel.m */ = {isa = PBXFileReference; lastKnownFileType = sourcecode.c.objc; path = GenericSectionItemModel.m; sourceTree = "<group>"; };
		AF912A7B207B5124009463BC /* RestaurantInfoItemCollectionViewCell.h */ = {isa = PBXFileReference; lastKnownFileType = sourcecode.c.h; path = RestaurantInfoItemCollectionViewCell.h; sourceTree = "<group>"; };
		AF912A7C207B5124009463BC /* RestaurantInfoItemCollectionViewCell.m */ = {isa = PBXFileReference; lastKnownFileType = sourcecode.c.objc; path = RestaurantInfoItemCollectionViewCell.m; sourceTree = "<group>"; };
		AF912A7D207B5124009463BC /* RestaurantInfoItemCollectionViewCell.xib */ = {isa = PBXFileReference; lastKnownFileType = file.xib; path = RestaurantInfoItemCollectionViewCell.xib; sourceTree = "<group>"; };
		AFAC50A020850661000ABF61 /* ImageItemCollectionViewCell.h */ = {isa = PBXFileReference; lastKnownFileType = sourcecode.c.h; path = ImageItemCollectionViewCell.h; sourceTree = "<group>"; };
		AFAC50A120850661000ABF61 /* ImageItemCollectionViewCell.m */ = {isa = PBXFileReference; lastKnownFileType = sourcecode.c.objc; path = ImageItemCollectionViewCell.m; sourceTree = "<group>"; };
		AFAC50A220850661000ABF61 /* ImageItemCollectionViewCell.xib */ = {isa = PBXFileReference; lastKnownFileType = file.xib; path = ImageItemCollectionViewCell.xib; sourceTree = "<group>"; };
		AFC044B12085F2D100BCF146 /* APIManager.h */ = {isa = PBXFileReference; lastKnownFileType = sourcecode.c.h; path = APIManager.h; sourceTree = "<group>"; };
		AFC044B22085F2D100BCF146 /* APIManager.m */ = {isa = PBXFileReference; lastKnownFileType = sourcecode.c.objc; path = APIManager.m; sourceTree = "<group>"; };
		AFC044D52086802400BCF146 /* RestaurantDetailViewController.h */ = {isa = PBXFileReference; fileEncoding = 4; lastKnownFileType = sourcecode.c.h; path = RestaurantDetailViewController.h; sourceTree = "<group>"; };
		AFC044D62086802400BCF146 /* RestaurantDetailViewController.m */ = {isa = PBXFileReference; fileEncoding = 4; lastKnownFileType = sourcecode.c.objc; path = RestaurantDetailViewController.m; sourceTree = "<group>"; };
		AFC044D82086813900BCF146 /* NotesCell.xib */ = {isa = PBXFileReference; fileEncoding = 4; lastKnownFileType = file.xib; path = NotesCell.xib; sourceTree = "<group>"; };
		AFC044D92086813900BCF146 /* BookTableCell.xib */ = {isa = PBXFileReference; fileEncoding = 4; lastKnownFileType = file.xib; path = BookTableCell.xib; sourceTree = "<group>"; };
		AFC044DA2086813900BCF146 /* BookTableCell.m */ = {isa = PBXFileReference; fileEncoding = 4; lastKnownFileType = sourcecode.c.objc; path = BookTableCell.m; sourceTree = "<group>"; };
		AFC044DB2086813900BCF146 /* SimilarRestaurantsCell.h */ = {isa = PBXFileReference; fileEncoding = 4; lastKnownFileType = sourcecode.c.h; path = SimilarRestaurantsCell.h; sourceTree = "<group>"; };
		AFC044DC2086813900BCF146 /* NotesCell.m */ = {isa = PBXFileReference; fileEncoding = 4; lastKnownFileType = sourcecode.c.objc; path = NotesCell.m; sourceTree = "<group>"; };
		AFC044DD2086813900BCF146 /* ImagesPagerCell.h */ = {isa = PBXFileReference; fileEncoding = 4; lastKnownFileType = sourcecode.c.h; path = ImagesPagerCell.h; sourceTree = "<group>"; };
		AFC044DE2086813A00BCF146 /* RestaurantInfoCell.xib */ = {isa = PBXFileReference; fileEncoding = 4; lastKnownFileType = file.xib; path = RestaurantInfoCell.xib; sourceTree = "<group>"; };
		AFC044DF2086813A00BCF146 /* SimilarRestaurantsCell.xib */ = {isa = PBXFileReference; fileEncoding = 4; lastKnownFileType = file.xib; path = SimilarRestaurantsCell.xib; sourceTree = "<group>"; };
		AFC044E02086813A00BCF146 /* NotesCell.h */ = {isa = PBXFileReference; fileEncoding = 4; lastKnownFileType = sourcecode.c.h; path = NotesCell.h; sourceTree = "<group>"; };
		AFC044E12086813A00BCF146 /* RestaurantInfoCell.h */ = {isa = PBXFileReference; fileEncoding = 4; lastKnownFileType = sourcecode.c.h; path = RestaurantInfoCell.h; sourceTree = "<group>"; };
		AFC044E22086813A00BCF146 /* SimilarRestaurantsCell.m */ = {isa = PBXFileReference; fileEncoding = 4; lastKnownFileType = sourcecode.c.objc; path = SimilarRestaurantsCell.m; sourceTree = "<group>"; };
		AFC044E32086813A00BCF146 /* GenericSectionCell.h */ = {isa = PBXFileReference; fileEncoding = 4; lastKnownFileType = sourcecode.c.h; path = GenericSectionCell.h; sourceTree = "<group>"; };
		AFC044E42086813A00BCF146 /* GenericSectionCell.xib */ = {isa = PBXFileReference; fileEncoding = 4; lastKnownFileType = file.xib; path = GenericSectionCell.xib; sourceTree = "<group>"; };
		AFC044E52086813A00BCF146 /* RestaurantInfoCell.m */ = {isa = PBXFileReference; fileEncoding = 4; lastKnownFileType = sourcecode.c.objc; path = RestaurantInfoCell.m; sourceTree = "<group>"; };
		AFC044E62086813A00BCF146 /* GenericSectionCell.m */ = {isa = PBXFileReference; fileEncoding = 4; lastKnownFileType = sourcecode.c.objc; path = GenericSectionCell.m; sourceTree = "<group>"; };
		AFC044E72086813B00BCF146 /* ImagesPagerCell.xib */ = {isa = PBXFileReference; fileEncoding = 4; lastKnownFileType = file.xib; path = ImagesPagerCell.xib; sourceTree = "<group>"; };
		AFC044E82086813B00BCF146 /* BookTableCell.h */ = {isa = PBXFileReference; fileEncoding = 4; lastKnownFileType = sourcecode.c.h; path = BookTableCell.h; sourceTree = "<group>"; };
		AFC044E92086813B00BCF146 /* ImagesPagerCell.m */ = {isa = PBXFileReference; fileEncoding = 4; lastKnownFileType = sourcecode.c.objc; path = ImagesPagerCell.m; sourceTree = "<group>"; };
		AFD29C9D2079F228008AFF9F /* Eat.app */ = {isa = PBXFileReference; explicitFileType = wrapper.application; includeInIndex = 0; path = Eat.app; sourceTree = BUILT_PRODUCTS_DIR; };
		AFD29CA02079F228008AFF9F /* AppDelegate.h */ = {isa = PBXFileReference; lastKnownFileType = sourcecode.c.h; path = AppDelegate.h; sourceTree = "<group>"; };
		AFD29CA12079F228008AFF9F /* AppDelegate.m */ = {isa = PBXFileReference; lastKnownFileType = sourcecode.c.objc; path = AppDelegate.m; sourceTree = "<group>"; };
		AFD29CA32079F228008AFF9F /* RegionsViewController.h */ = {isa = PBXFileReference; lastKnownFileType = sourcecode.c.h; path = RegionsViewController.h; sourceTree = "<group>"; };
		AFD29CA42079F228008AFF9F /* RegionsViewController.m */ = {isa = PBXFileReference; lastKnownFileType = sourcecode.c.objc; path = RegionsViewController.m; sourceTree = "<group>"; };
		AFD29CA72079F228008AFF9F /* Base */ = {isa = PBXFileReference; lastKnownFileType = file.storyboard; name = Base; path = Base.lproj/Main.storyboard; sourceTree = "<group>"; };
		AFD29CAA2079F228008AFF9F /* Eat.xcdatamodel */ = {isa = PBXFileReference; lastKnownFileType = wrapper.xcdatamodel; path = Eat.xcdatamodel; sourceTree = "<group>"; };
		AFD29CAC2079F228008AFF9F /* Assets.xcassets */ = {isa = PBXFileReference; lastKnownFileType = folder.assetcatalog; path = Assets.xcassets; sourceTree = "<group>"; };
		AFD29CAF2079F228008AFF9F /* Base */ = {isa = PBXFileReference; lastKnownFileType = file.storyboard; name = Base; path = Base.lproj/LaunchScreen.storyboard; sourceTree = "<group>"; };
		AFD29CB12079F228008AFF9F /* Info.plist */ = {isa = PBXFileReference; lastKnownFileType = text.plist.xml; path = Info.plist; sourceTree = "<group>"; };
		AFD29CB22079F228008AFF9F /* main.m */ = {isa = PBXFileReference; lastKnownFileType = sourcecode.c.objc; path = main.m; sourceTree = "<group>"; };
		AFD29CCA2079F99D008AFF9F /* RegionModel.h */ = {isa = PBXFileReference; lastKnownFileType = sourcecode.c.h; path = RegionModel.h; sourceTree = "<group>"; };
		AFD29CCB2079F99D008AFF9F /* RegionModel.m */ = {isa = PBXFileReference; lastKnownFileType = sourcecode.c.objc; path = RegionModel.m; sourceTree = "<group>"; };
		AFD29CD02079FEDE008AFF9F /* RegionCollectionViewCell.h */ = {isa = PBXFileReference; lastKnownFileType = sourcecode.c.h; path = RegionCollectionViewCell.h; sourceTree = "<group>"; };
		AFD29CD12079FEDE008AFF9F /* RegionCollectionViewCell.m */ = {isa = PBXFileReference; lastKnownFileType = sourcecode.c.objc; path = RegionCollectionViewCell.m; sourceTree = "<group>"; };
		AFD29CD22079FEDE008AFF9F /* RegionCollectionViewCell.xib */ = {isa = PBXFileReference; lastKnownFileType = file.xib; path = RegionCollectionViewCell.xib; sourceTree = "<group>"; };
		AFD29CD6207A0BD3008AFF9F /* RestaurantsListViewController.h */ = {isa = PBXFileReference; lastKnownFileType = sourcecode.c.h; path = RestaurantsListViewController.h; sourceTree = "<group>"; };
		AFD29CD7207A0BD3008AFF9F /* RestaurantsListViewController.m */ = {isa = PBXFileReference; lastKnownFileType = sourcecode.c.objc; path = RestaurantsListViewController.m; sourceTree = "<group>"; };
		AFD29CE7207A0F70008AFF9F /* RestaurantModel.h */ = {isa = PBXFileReference; lastKnownFileType = sourcecode.c.h; path = RestaurantModel.h; sourceTree = "<group>"; };
		AFD29CE8207A0F70008AFF9F /* RestaurantModel.m */ = {isa = PBXFileReference; lastKnownFileType = sourcecode.c.objc; path = RestaurantModel.m; sourceTree = "<group>"; };
		AFD29CEA207A0F8D008AFF9F /* RestaurantCollectionViewCell.h */ = {isa = PBXFileReference; lastKnownFileType = sourcecode.c.h; path = RestaurantCollectionViewCell.h; sourceTree = "<group>"; };
		AFD29CEB207A0F8D008AFF9F /* RestaurantCollectionViewCell.m */ = {isa = PBXFileReference; lastKnownFileType = sourcecode.c.objc; path = RestaurantCollectionViewCell.m; sourceTree = "<group>"; };
		AFD29CEC207A0F8D008AFF9F /* RestaurantCollectionViewCell.xib */ = {isa = PBXFileReference; lastKnownFileType = file.xib; path = RestaurantCollectionViewCell.xib; sourceTree = "<group>"; };
		AFD29CEF207A21C0008AFF9F /* ReviewModel.h */ = {isa = PBXFileReference; lastKnownFileType = sourcecode.c.h; path = ReviewModel.h; sourceTree = "<group>"; };
		AFD29CF0207A21C0008AFF9F /* ReviewModel.m */ = {isa = PBXFileReference; lastKnownFileType = sourcecode.c.objc; path = ReviewModel.m; sourceTree = "<group>"; };
		AFD29CF2207A2394008AFF9F /* RatingModel.h */ = {isa = PBXFileReference; lastKnownFileType = sourcecode.c.h; path = RatingModel.h; sourceTree = "<group>"; };
		AFD29CF3207A2394008AFF9F /* RatingModel.m */ = {isa = PBXFileReference; lastKnownFileType = sourcecode.c.objc; path = RatingModel.m; sourceTree = "<group>"; };
		AFD29CF6207A35CA008AFF9F /* UIHelper.h */ = {isa = PBXFileReference; lastKnownFileType = sourcecode.c.h; path = UIHelper.h; sourceTree = "<group>"; };
		AFD29CF7207A35CA008AFF9F /* UIHelper.m */ = {isa = PBXFileReference; lastKnownFileType = sourcecode.c.objc; path = UIHelper.m; sourceTree = "<group>"; };
		AFD29CFC207A3A90008AFF9F /* NSString+Repeat.h */ = {isa = PBXFileReference; lastKnownFileType = sourcecode.c.h; path = "NSString+Repeat.h"; sourceTree = "<group>"; };
		AFD29CFD207A3A91008AFF9F /* NSString+Repeat.m */ = {isa = PBXFileReference; lastKnownFileType = sourcecode.c.objc; path = "NSString+Repeat.m"; sourceTree = "<group>"; };
/* End PBXFileReference section */

/* Begin PBXFrameworksBuildPhase section */
		AFD29C9A2079F228008AFF9F /* Frameworks */ = {
			isa = PBXFrameworksBuildPhase;
			buildActionMask = 2147483647;
			files = (
				3460A2877879EF9D7F984C53 /* libPods-Eat.a in Frameworks */,
			);
			runOnlyForDeploymentPostprocessing = 0;
		};
/* End PBXFrameworksBuildPhase section */

/* Begin PBXGroup section */
		5E9CCD7C001D0D08FEE66FA7 /* Pods */ = {
			isa = PBXGroup;
			children = (
				812645657A8E0B1A03537CEB /* Pods-Eat.debug.xcconfig */,
				665A5DBAB576804E29853B57 /* Pods-Eat.release.xcconfig */,
			);
			name = Pods;
			sourceTree = "<group>";
		};
		ADAA63563DD882064EE1D0D8 /* Frameworks */ = {
			isa = PBXGroup;
			children = (
				6A3C7477C6AB852E177639B7 /* libPods-Eat.a */,
			);
			name = Frameworks;
			sourceTree = "<group>";
		};
		AF856777207CDE6D00143BCD /* TripAdvisorReviews */ = {
			isa = PBXGroup;
			children = (
				AF85677B207CE37F00143BCD /* Controllers */,
				AF85677C207CE38D00143BCD /* Views */,
			);
			path = TripAdvisorReviews;
			sourceTree = "<group>";
		};
		AF85677B207CE37F00143BCD /* Controllers */ = {
			isa = PBXGroup;
			children = (
				AF856778207CDEB300143BCD /* TripAdvisorReviewsViewController.h */,
				AF856779207CDEB300143BCD /* TripAdvisorReviewsViewController.m */,
			);
			path = Controllers;
			sourceTree = "<group>";
		};
		AF85677C207CE38D00143BCD /* Views */ = {
			isa = PBXGroup;
			children = (
				AF856784207CEE7F00143BCD /* TripAdvisorRevCollectionViewCell.h */,
				AF856785207CEE7F00143BCD /* TripAdvisorRevCollectionViewCell.m */,
				AF856786207CEE7F00143BCD /* TripAdvisorRevCollectionViewCell.xib */,
			);
			path = Views;
			sourceTree = "<group>";
		};
		AF8CD3792084AE1200F18173 /* Views */ = {
			isa = PBXGroup;
			children = (
				AFC044E82086813B00BCF146 /* BookTableCell.h */,
				AFC044DA2086813900BCF146 /* BookTableCell.m */,
				AFC044D92086813900BCF146 /* BookTableCell.xib */,
				AFC044E32086813A00BCF146 /* GenericSectionCell.h */,
				AFC044E62086813A00BCF146 /* GenericSectionCell.m */,
				AFC044E42086813A00BCF146 /* GenericSectionCell.xib */,
				AFC044DD2086813900BCF146 /* ImagesPagerCell.h */,
				AFC044E92086813B00BCF146 /* ImagesPagerCell.m */,
				AFC044E72086813B00BCF146 /* ImagesPagerCell.xib */,
				AFC044E02086813A00BCF146 /* NotesCell.h */,
				AFC044DC2086813900BCF146 /* NotesCell.m */,
				AFC044D82086813900BCF146 /* NotesCell.xib */,
				AFC044E12086813A00BCF146 /* RestaurantInfoCell.h */,
				AFC044E52086813A00BCF146 /* RestaurantInfoCell.m */,
				AFC044DE2086813A00BCF146 /* RestaurantInfoCell.xib */,
				AFC044DB2086813900BCF146 /* SimilarRestaurantsCell.h */,
				AFC044E22086813A00BCF146 /* SimilarRestaurantsCell.m */,
				AFC044DF2086813A00BCF146 /* SimilarRestaurantsCell.xib */,
				AFAC50A020850661000ABF61 /* ImageItemCollectionViewCell.h */,
				AFAC50A120850661000ABF61 /* ImageItemCollectionViewCell.m */,
				AFAC50A220850661000ABF61 /* ImageItemCollectionViewCell.xib */,
				AF8CD3742084ACB000F18173 /* GenericSectionItemCollectionViewCell.h */,
				AF8CD3752084ACB000F18173 /* GenericSectionItemCollectionViewCell.m */,
				AF8CD3762084ACB000F18173 /* GenericSectionItemCollectionViewCell.xib */,
				AF912A7B207B5124009463BC /* RestaurantInfoItemCollectionViewCell.h */,
				AF912A7C207B5124009463BC /* RestaurantInfoItemCollectionViewCell.m */,
				AF912A7D207B5124009463BC /* RestaurantInfoItemCollectionViewCell.xib */,
				AF7EF297207CA89F003C56BD /* RestaurantSmallCollectionViewCell.h */,
				AF7EF298207CA89F003C56BD /* RestaurantSmallCollectionViewCell.m */,
				AF7EF299207CA89F003C56BD /* RestaurantSmallCollectionViewCell.xib */,
			);
			name = Views;
			path = ViewsNew;
			sourceTree = "<group>";
		};
		AF8CD37F2084AFEC00F18173 /* Models */ = {
			isa = PBXGroup;
			children = (
				AF8CD3802084B02B00F18173 /* GenericSectionItemModel.h */,
				AF8CD3812084B02B00F18173 /* GenericSectionItemModel.m */,
			);
			path = Models;
			sourceTree = "<group>";
		};
		AFD29C942079F228008AFF9F = {
			isa = PBXGroup;
			children = (
				AFD29C9F2079F228008AFF9F /* Eat */,
				AFD29C9E2079F228008AFF9F /* Products */,
				5E9CCD7C001D0D08FEE66FA7 /* Pods */,
				ADAA63563DD882064EE1D0D8 /* Frameworks */,
			);
			sourceTree = "<group>";
		};
		AFD29C9E2079F228008AFF9F /* Products */ = {
			isa = PBXGroup;
			children = (
				AFD29C9D2079F228008AFF9F /* Eat.app */,
			);
			name = Products;
			sourceTree = "<group>";
		};
		AFD29C9F2079F228008AFF9F /* Eat */ = {
			isa = PBXGroup;
			children = (
				AFD29CB92079F244008AFF9F /* RegionSelection */,
				AFD29CD5207A0B73008AFF9F /* RestaurantsList */,
				AFD29CFF207A42C3008AFF9F /* RestaurantProfile */,
				AF856777207CDE6D00143BCD /* TripAdvisorReviews */,
				AFD29D04207A43B5008AFF9F /* CommonModels */,
				AFD29CF5207A35AE008AFF9F /* Helpers */,
				AFD29CA02079F228008AFF9F /* AppDelegate.h */,
				AFD29CA12079F228008AFF9F /* AppDelegate.m */,
				AFD29CA62079F228008AFF9F /* Main.storyboard */,
				AFD29CAC2079F228008AFF9F /* Assets.xcassets */,
				AFD29CAE2079F228008AFF9F /* LaunchScreen.storyboard */,
				AFD29CB12079F228008AFF9F /* Info.plist */,
				AFD29CB22079F228008AFF9F /* main.m */,
				AFD29CA92079F228008AFF9F /* Eat.xcdatamodeld */,
				AF856789207D143C00143BCD /* Constants.h */,
			);
			path = Eat;
			sourceTree = "<group>";
		};
		AFD29CB92079F244008AFF9F /* RegionSelection */ = {
			isa = PBXGroup;
			children = (
				AFD29CBA2079F24D008AFF9F /* Controllers */,
				AFD29CBE2079F2AA008AFF9F /* Models */,
				AFD29CBD2079F277008AFF9F /* Views */,
			);
			path = RegionSelection;
			sourceTree = "<group>";
		};
		AFD29CBA2079F24D008AFF9F /* Controllers */ = {
			isa = PBXGroup;
			children = (
				AFD29CA32079F228008AFF9F /* RegionsViewController.h */,
				AFD29CA42079F228008AFF9F /* RegionsViewController.m */,
			);
			path = Controllers;
			sourceTree = "<group>";
		};
		AFD29CBD2079F277008AFF9F /* Views */ = {
			isa = PBXGroup;
			children = (
				AFD29CD02079FEDE008AFF9F /* RegionCollectionViewCell.h */,
				AFD29CD12079FEDE008AFF9F /* RegionCollectionViewCell.m */,
				AFD29CD22079FEDE008AFF9F /* RegionCollectionViewCell.xib */,
			);
			path = Views;
			sourceTree = "<group>";
		};
		AFD29CBE2079F2AA008AFF9F /* Models */ = {
			isa = PBXGroup;
			children = (
				AFD29CCA2079F99D008AFF9F /* RegionModel.h */,
				AFD29CCB2079F99D008AFF9F /* RegionModel.m */,
			);
			path = Models;
			sourceTree = "<group>";
		};
		AFD29CD5207A0B73008AFF9F /* RestaurantsList */ = {
			isa = PBXGroup;
			children = (
				AFD29CD9207A0DD7008AFF9F /* Controllers */,
				AFD29CDC207A0E01008AFF9F /* Models */,
				AFD29CDD207A0E0D008AFF9F /* Views */,
			);
			path = RestaurantsList;
			sourceTree = "<group>";
		};
		AFD29CD9207A0DD7008AFF9F /* Controllers */ = {
			isa = PBXGroup;
			children = (
				AFD29CD6207A0BD3008AFF9F /* RestaurantsListViewController.h */,
				AFD29CD7207A0BD3008AFF9F /* RestaurantsListViewController.m */,
				AF7EF27D207B8B58003C56BD /* RestaurantsMapViewController.h */,
				AF7EF27E207B8B58003C56BD /* RestaurantsMapViewController.m */,
			);
			path = Controllers;
			sourceTree = "<group>";
		};
		AFD29CDC207A0E01008AFF9F /* Models */ = {
			isa = PBXGroup;
			children = (
				AFD29CF2207A2394008AFF9F /* RatingModel.h */,
				AFD29CF3207A2394008AFF9F /* RatingModel.m */,
			);
			path = Models;
			sourceTree = "<group>";
		};
		AFD29CDD207A0E0D008AFF9F /* Views */ = {
			isa = PBXGroup;
			children = (
				AFD29CEA207A0F8D008AFF9F /* RestaurantCollectionViewCell.h */,
				AFD29CEB207A0F8D008AFF9F /* RestaurantCollectionViewCell.m */,
				AFD29CEC207A0F8D008AFF9F /* RestaurantCollectionViewCell.xib */,
				AF578F85207B7CD800CF6190 /* NavigationBarItems.h */,
				AF578F86207B7CD800CF6190 /* NavigationBarItems.m */,
				AF578F88207B7D1000CF6190 /* NavigationBarItems.xib */,
				AF7EF282207B99C5003C56BD /* MarkerInfoView.h */,
				AF7EF283207B99C5003C56BD /* MarkerInfoView.m */,
				AF7EF288207B9ACC003C56BD /* MarkerInfoView.xib */,
				AF7EF285207B9A0E003C56BD /* RestaurantMarker.h */,
				AF7EF286207B9A0E003C56BD /* RestaurantMarker.m */,
				AF8CD35E20837F1600F18173 /* LoaderCollectionViewCell.xib */,
			);
			path = Views;
			sourceTree = "<group>";
		};
		AFD29CF5207A35AE008AFF9F /* Helpers */ = {
			isa = PBXGroup;
			children = (
				AFD29CF6207A35CA008AFF9F /* UIHelper.h */,
				AFD29CF7207A35CA008AFF9F /* UIHelper.m */,
				AFD29CFC207A3A90008AFF9F /* NSString+Repeat.h */,
				AFD29CFD207A3A91008AFF9F /* NSString+Repeat.m */,
				AF8CD3612083CDBF00F18173 /* ImageLoadingManager.h */,
				AF8CD3622083CDBF00F18173 /* ImageLoadingManager.m */,
				AF8CD3642083DB0300F18173 /* EatImageView.h */,
				AF8CD3652083DB0300F18173 /* EatImageView.m */,
				AFC044B12085F2D100BCF146 /* APIManager.h */,
				AFC044B22085F2D100BCF146 /* APIManager.m */,
			);
			path = Helpers;
			sourceTree = "<group>";
		};
		AFD29CFF207A42C3008AFF9F /* RestaurantProfile */ = {
			isa = PBXGroup;
			children = (
				AFD29D00207A4302008AFF9F /* Controllers */,
				AF8CD3792084AE1200F18173 /* Views */,
				AF8CD37F2084AFEC00F18173 /* Models */,
			);
			path = RestaurantProfile;
			sourceTree = "<group>";
		};
		AFD29D00207A4302008AFF9F /* Controllers */ = {
			isa = PBXGroup;
			children = (
				AFC044D52086802400BCF146 /* RestaurantDetailViewController.h */,
				AFC044D62086802400BCF146 /* RestaurantDetailViewController.m */,
			);
			path = Controllers;
			sourceTree = "<group>";
		};
		AFD29D04207A43B5008AFF9F /* CommonModels */ = {
			isa = PBXGroup;
			children = (
				AFD29CEF207A21C0008AFF9F /* ReviewModel.h */,
				AFD29CF0207A21C0008AFF9F /* ReviewModel.m */,
				AFD29CE7207A0F70008AFF9F /* RestaurantModel.h */,
				AFD29CE8207A0F70008AFF9F /* RestaurantModel.m */,
			);
			path = CommonModels;
			sourceTree = "<group>";
		};
/* End PBXGroup section */

/* Begin PBXNativeTarget section */
		AFD29C9C2079F228008AFF9F /* Eat */ = {
			isa = PBXNativeTarget;
			buildConfigurationList = AFD29CB62079F228008AFF9F /* Build configuration list for PBXNativeTarget "Eat" */;
			buildPhases = (
				D16265C067338058B128D476 /* [CP] Check Pods Manifest.lock */,
				AFD29C992079F228008AFF9F /* Sources */,
				AFD29C9A2079F228008AFF9F /* Frameworks */,
				AFD29C9B2079F228008AFF9F /* Resources */,
				96D7AC7CD514153D18CF0618 /* [CP] Copy Pods Resources */,
			);
			buildRules = (
			);
			dependencies = (
			);
			name = Eat;
			productName = Eat;
			productReference = AFD29C9D2079F228008AFF9F /* Eat.app */;
			productType = "com.apple.product-type.application";
		};
/* End PBXNativeTarget section */

/* Begin PBXProject section */
		AFD29C952079F228008AFF9F /* Project object */ = {
			isa = PBXProject;
			attributes = {
				LastUpgradeCheck = 0920;
				ORGANIZATIONNAME = "Haris Muharemovic";
				TargetAttributes = {
					AFD29C9C2079F228008AFF9F = {
						CreatedOnToolsVersion = 9.2;
						ProvisioningStyle = Automatic;
					};
				};
			};
			buildConfigurationList = AFD29C982079F228008AFF9F /* Build configuration list for PBXProject "Eat" */;
			compatibilityVersion = "Xcode 8.0";
			developmentRegion = en;
			hasScannedForEncodings = 0;
			knownRegions = (
				en,
				Base,
			);
			mainGroup = AFD29C942079F228008AFF9F;
			productRefGroup = AFD29C9E2079F228008AFF9F /* Products */;
			projectDirPath = "";
			projectRoot = "";
			targets = (
				AFD29C9C2079F228008AFF9F /* Eat */,
			);
		};
/* End PBXProject section */

/* Begin PBXResourcesBuildPhase section */
		AFD29C9B2079F228008AFF9F /* Resources */ = {
			isa = PBXResourcesBuildPhase;
			buildActionMask = 2147483647;
			files = (
				AF856788207CEE7F00143BCD /* TripAdvisorRevCollectionViewCell.xib in Resources */,
				AFAC50A420850661000ABF61 /* ImageItemCollectionViewCell.xib in Resources */,
				AFD29CD42079FEDE008AFF9F /* RegionCollectionViewCell.xib in Resources */,
				AFD29CB02079F228008AFF9F /* LaunchScreen.storyboard in Resources */,
				AF8CD3782084ACB000F18173 /* GenericSectionItemCollectionViewCell.xib in Resources */,
				AFC044EA2086813B00BCF146 /* NotesCell.xib in Resources */,
				AF8CD36020837F1600F18173 /* LoaderCollectionViewCell.xib in Resources */,
				AF7EF289207B9ACC003C56BD /* MarkerInfoView.xib in Resources */,
				AFD29CEE207A0F8D008AFF9F /* RestaurantCollectionViewCell.xib in Resources */,
				AFC044F42086813B00BCF146 /* ImagesPagerCell.xib in Resources */,
				AFD29CAD2079F228008AFF9F /* Assets.xcassets in Resources */,
				AFC044EB2086813B00BCF146 /* BookTableCell.xib in Resources */,
				AFD29CA82079F228008AFF9F /* Main.storyboard in Resources */,
				AFC044EF2086813B00BCF146 /* SimilarRestaurantsCell.xib in Resources */,
				AFC044EE2086813B00BCF146 /* RestaurantInfoCell.xib in Resources */,
				AF578F89207B7D1000CF6190 /* NavigationBarItems.xib in Resources */,
				AF912A7F207B5124009463BC /* RestaurantInfoItemCollectionViewCell.xib in Resources */,
				AF7EF29B207CA89F003C56BD /* RestaurantSmallCollectionViewCell.xib in Resources */,
				AFC044F12086813B00BCF146 /* GenericSectionCell.xib in Resources */,
			);
			runOnlyForDeploymentPostprocessing = 0;
		};
/* End PBXResourcesBuildPhase section */

/* Begin PBXShellScriptBuildPhase section */
		96D7AC7CD514153D18CF0618 /* [CP] Copy Pods Resources */ = {
			isa = PBXShellScriptBuildPhase;
			buildActionMask = 2147483647;
			files = (
			);
			inputPaths = (
				"${SRCROOT}/Pods/Target Support Files/Pods-Eat/Pods-Eat-resources.sh",
				"${PODS_ROOT}/GoogleMaps/Maps/Frameworks/GoogleMaps.framework/Resources/GoogleMaps.bundle",
				"${PODS_ROOT}/GooglePlaces/Frameworks/GooglePlaces.framework/Resources/GooglePlaces.bundle",
			);
			name = "[CP] Copy Pods Resources";
			outputPaths = (
				"${TARGET_BUILD_DIR}/${UNLOCALIZED_RESOURCES_FOLDER_PATH}/GoogleMaps.bundle",
				"${TARGET_BUILD_DIR}/${UNLOCALIZED_RESOURCES_FOLDER_PATH}/GooglePlaces.bundle",
			);
			runOnlyForDeploymentPostprocessing = 0;
			shellPath = /bin/sh;
			shellScript = "\"${SRCROOT}/Pods/Target Support Files/Pods-Eat/Pods-Eat-resources.sh\"\n";
			showEnvVarsInLog = 0;
		};
		D16265C067338058B128D476 /* [CP] Check Pods Manifest.lock */ = {
			isa = PBXShellScriptBuildPhase;
			buildActionMask = 2147483647;
			files = (
			);
			inputPaths = (
				"${PODS_PODFILE_DIR_PATH}/Podfile.lock",
				"${PODS_ROOT}/Manifest.lock",
			);
			name = "[CP] Check Pods Manifest.lock";
			outputPaths = (
				"$(DERIVED_FILE_DIR)/Pods-Eat-checkManifestLockResult.txt",
			);
			runOnlyForDeploymentPostprocessing = 0;
			shellPath = /bin/sh;
			shellScript = "diff \"${PODS_PODFILE_DIR_PATH}/Podfile.lock\" \"${PODS_ROOT}/Manifest.lock\" > /dev/null\nif [ $? != 0 ] ; then\n    # print error to STDERR\n    echo \"error: The sandbox is not in sync with the Podfile.lock. Run 'pod install' or update your CocoaPods installation.\" >&2\n    exit 1\nfi\n# This output is used by Xcode 'outputs' to avoid re-running this script phase.\necho \"SUCCESS\" > \"${SCRIPT_OUTPUT_FILE_0}\"\n";
			showEnvVarsInLog = 0;
		};
/* End PBXShellScriptBuildPhase section */

/* Begin PBXSourcesBuildPhase section */
		AFD29C992079F228008AFF9F /* Sources */ = {
			isa = PBXSourcesBuildPhase;
			buildActionMask = 2147483647;
			files = (
				AFD29CD32079FEDE008AFF9F /* RegionCollectionViewCell.m in Sources */,
				AF7EF27F207B8B58003C56BD /* RestaurantsMapViewController.m in Sources */,
				AFAC50A320850661000ABF61 /* ImageItemCollectionViewCell.m in Sources */,
				AFC044D72086802400BCF146 /* RestaurantDetailViewController.m in Sources */,
				AFC044F22086813B00BCF146 /* RestaurantInfoCell.m in Sources */,
				AFC044B32085F2D100BCF146 /* APIManager.m in Sources */,
				AFD29CCC2079F99D008AFF9F /* RegionModel.m in Sources */,
				AF7EF29A207CA89F003C56BD /* RestaurantSmallCollectionViewCell.m in Sources */,
				AF7EF284207B99C5003C56BD /* MarkerInfoView.m in Sources */,
				AFD29CE9207A0F70008AFF9F /* RestaurantModel.m in Sources */,
				AF856787207CEE7F00143BCD /* TripAdvisorRevCollectionViewCell.m in Sources */,
				AFD29CF8207A35CA008AFF9F /* UIHelper.m in Sources */,
				AFD29CED207A0F8D008AFF9F /* RestaurantCollectionViewCell.m in Sources */,
				AF7EF287207B9A0E003C56BD /* RestaurantMarker.m in Sources */,
				AF8CD3632083CDBF00F18173 /* ImageLoadingManager.m in Sources */,
				AF8CD3772084ACB000F18173 /* GenericSectionItemCollectionViewCell.m in Sources */,
				AF8CD3822084B02B00F18173 /* GenericSectionItemModel.m in Sources */,
				AFD29CA52079F228008AFF9F /* RegionsViewController.m in Sources */,
				AF8CD3662083DB0300F18173 /* EatImageView.m in Sources */,
				AF912A7E207B5124009463BC /* RestaurantInfoItemCollectionViewCell.m in Sources */,
				AFC044EC2086813B00BCF146 /* BookTableCell.m in Sources */,
				AFD29CAB2079F228008AFF9F /* Eat.xcdatamodeld in Sources */,
				AFC044F32086813B00BCF146 /* GenericSectionCell.m in Sources */,
				AFD29CB32079F228008AFF9F /* main.m in Sources */,
				AFD29CD8207A0BD3008AFF9F /* RestaurantsListViewController.m in Sources */,
				AFC044ED2086813B00BCF146 /* NotesCell.m in Sources */,
				AFD29CF4207A2394008AFF9F /* RatingModel.m in Sources */,
				AF578F87207B7CD800CF6190 /* NavigationBarItems.m in Sources */,
				AFD29CA22079F228008AFF9F /* AppDelegate.m in Sources */,
				AFD29CFE207A3A91008AFF9F /* NSString+Repeat.m in Sources */,
				AF85677A207CDEB300143BCD /* TripAdvisorReviewsViewController.m in Sources */,
				AFC044F02086813B00BCF146 /* SimilarRestaurantsCell.m in Sources */,
				AFD29CF1207A21C0008AFF9F /* ReviewModel.m in Sources */,
				AFC044F52086813B00BCF146 /* ImagesPagerCell.m in Sources */,
			);
			runOnlyForDeploymentPostprocessing = 0;
		};
/* End PBXSourcesBuildPhase section */

/* Begin PBXVariantGroup section */
		AFD29CA62079F228008AFF9F /* Main.storyboard */ = {
			isa = PBXVariantGroup;
			children = (
				AFD29CA72079F228008AFF9F /* Base */,
			);
			name = Main.storyboard;
			sourceTree = "<group>";
		};
		AFD29CAE2079F228008AFF9F /* LaunchScreen.storyboard */ = {
			isa = PBXVariantGroup;
			children = (
				AFD29CAF2079F228008AFF9F /* Base */,
			);
			name = LaunchScreen.storyboard;
			sourceTree = "<group>";
		};
/* End PBXVariantGroup section */

/* Begin XCBuildConfiguration section */
		AFD29CB42079F228008AFF9F /* Debug */ = {
			isa = XCBuildConfiguration;
			buildSettings = {
				ALWAYS_SEARCH_USER_PATHS = NO;
				CLANG_ANALYZER_NONNULL = YES;
				CLANG_ANALYZER_NUMBER_OBJECT_CONVERSION = YES_AGGRESSIVE;
				CLANG_CXX_LANGUAGE_STANDARD = "gnu++14";
				CLANG_CXX_LIBRARY = "libc++";
				CLANG_ENABLE_MODULES = YES;
				CLANG_ENABLE_OBJC_ARC = YES;
				CLANG_WARN_BLOCK_CAPTURE_AUTORELEASING = YES;
				CLANG_WARN_BOOL_CONVERSION = YES;
				CLANG_WARN_COMMA = YES;
				CLANG_WARN_CONSTANT_CONVERSION = YES;
				CLANG_WARN_DIRECT_OBJC_ISA_USAGE = YES_ERROR;
				CLANG_WARN_DOCUMENTATION_COMMENTS = YES;
				CLANG_WARN_EMPTY_BODY = YES;
				CLANG_WARN_ENUM_CONVERSION = YES;
				CLANG_WARN_INFINITE_RECURSION = YES;
				CLANG_WARN_INT_CONVERSION = YES;
				CLANG_WARN_NON_LITERAL_NULL_CONVERSION = YES;
				CLANG_WARN_OBJC_LITERAL_CONVERSION = YES;
				CLANG_WARN_OBJC_ROOT_CLASS = YES_ERROR;
				CLANG_WARN_RANGE_LOOP_ANALYSIS = YES;
				CLANG_WARN_STRICT_PROTOTYPES = YES;
				CLANG_WARN_SUSPICIOUS_MOVE = YES;
				CLANG_WARN_UNGUARDED_AVAILABILITY = YES_AGGRESSIVE;
				CLANG_WARN_UNREACHABLE_CODE = YES;
				CLANG_WARN__DUPLICATE_METHOD_MATCH = YES;
				CODE_SIGN_IDENTITY = "iPhone Developer";
				COPY_PHASE_STRIP = NO;
				DEBUG_INFORMATION_FORMAT = dwarf;
				ENABLE_STRICT_OBJC_MSGSEND = YES;
				ENABLE_TESTABILITY = YES;
				GCC_C_LANGUAGE_STANDARD = gnu11;
				GCC_DYNAMIC_NO_PIC = NO;
				GCC_NO_COMMON_BLOCKS = YES;
				GCC_OPTIMIZATION_LEVEL = 0;
				GCC_PREPROCESSOR_DEFINITIONS = (
					"DEBUG=1",
					"$(inherited)",
				);
				GCC_WARN_64_TO_32_BIT_CONVERSION = YES;
				GCC_WARN_ABOUT_RETURN_TYPE = YES_ERROR;
				GCC_WARN_UNDECLARED_SELECTOR = YES;
				GCC_WARN_UNINITIALIZED_AUTOS = YES_AGGRESSIVE;
				GCC_WARN_UNUSED_FUNCTION = YES;
				GCC_WARN_UNUSED_VARIABLE = YES;
				IPHONEOS_DEPLOYMENT_TARGET = 11.2;
				MTL_ENABLE_DEBUG_INFO = YES;
				ONLY_ACTIVE_ARCH = YES;
				SDKROOT = iphoneos;
			};
			name = Debug;
		};
		AFD29CB52079F228008AFF9F /* Release */ = {
			isa = XCBuildConfiguration;
			buildSettings = {
				ALWAYS_SEARCH_USER_PATHS = NO;
				CLANG_ANALYZER_NONNULL = YES;
				CLANG_ANALYZER_NUMBER_OBJECT_CONVERSION = YES_AGGRESSIVE;
				CLANG_CXX_LANGUAGE_STANDARD = "gnu++14";
				CLANG_CXX_LIBRARY = "libc++";
				CLANG_ENABLE_MODULES = YES;
				CLANG_ENABLE_OBJC_ARC = YES;
				CLANG_WARN_BLOCK_CAPTURE_AUTORELEASING = YES;
				CLANG_WARN_BOOL_CONVERSION = YES;
				CLANG_WARN_COMMA = YES;
				CLANG_WARN_CONSTANT_CONVERSION = YES;
				CLANG_WARN_DIRECT_OBJC_ISA_USAGE = YES_ERROR;
				CLANG_WARN_DOCUMENTATION_COMMENTS = YES;
				CLANG_WARN_EMPTY_BODY = YES;
				CLANG_WARN_ENUM_CONVERSION = YES;
				CLANG_WARN_INFINITE_RECURSION = YES;
				CLANG_WARN_INT_CONVERSION = YES;
				CLANG_WARN_NON_LITERAL_NULL_CONVERSION = YES;
				CLANG_WARN_OBJC_LITERAL_CONVERSION = YES;
				CLANG_WARN_OBJC_ROOT_CLASS = YES_ERROR;
				CLANG_WARN_RANGE_LOOP_ANALYSIS = YES;
				CLANG_WARN_STRICT_PROTOTYPES = YES;
				CLANG_WARN_SUSPICIOUS_MOVE = YES;
				CLANG_WARN_UNGUARDED_AVAILABILITY = YES_AGGRESSIVE;
				CLANG_WARN_UNREACHABLE_CODE = YES;
				CLANG_WARN__DUPLICATE_METHOD_MATCH = YES;
				CODE_SIGN_IDENTITY = "iPhone Developer";
				COPY_PHASE_STRIP = NO;
				DEBUG_INFORMATION_FORMAT = "dwarf-with-dsym";
				ENABLE_NS_ASSERTIONS = NO;
				ENABLE_STRICT_OBJC_MSGSEND = YES;
				GCC_C_LANGUAGE_STANDARD = gnu11;
				GCC_NO_COMMON_BLOCKS = YES;
				GCC_WARN_64_TO_32_BIT_CONVERSION = YES;
				GCC_WARN_ABOUT_RETURN_TYPE = YES_ERROR;
				GCC_WARN_UNDECLARED_SELECTOR = YES;
				GCC_WARN_UNINITIALIZED_AUTOS = YES_AGGRESSIVE;
				GCC_WARN_UNUSED_FUNCTION = YES;
				GCC_WARN_UNUSED_VARIABLE = YES;
				IPHONEOS_DEPLOYMENT_TARGET = 11.2;
				MTL_ENABLE_DEBUG_INFO = NO;
				SDKROOT = iphoneos;
				VALIDATE_PRODUCT = YES;
			};
			name = Release;
		};
		AFD29CB72079F228008AFF9F /* Debug */ = {
			isa = XCBuildConfiguration;
			baseConfigurationReference = 812645657A8E0B1A03537CEB /* Pods-Eat.debug.xcconfig */;
			buildSettings = {
				ASSETCATALOG_COMPILER_APPICON_NAME = AppIcon;
				CODE_SIGN_STYLE = Automatic;
				DEVELOPMENT_TEAM = JTAG74X942;
				INFOPLIST_FILE = Eat/Info.plist;
				IPHONEOS_DEPLOYMENT_TARGET = 9.0;
				LD_RUNPATH_SEARCH_PATHS = "$(inherited) @executable_path/Frameworks";
				PRODUCT_BUNDLE_IDENTIFIER = com.digitalbath.eatone;
				PRODUCT_NAME = "$(TARGET_NAME)";
				TARGETED_DEVICE_FAMILY = 1;
			};
			name = Debug;
		};
		AFD29CB82079F228008AFF9F /* Release */ = {
			isa = XCBuildConfiguration;
			baseConfigurationReference = 665A5DBAB576804E29853B57 /* Pods-Eat.release.xcconfig */;
			buildSettings = {
				ASSETCATALOG_COMPILER_APPICON_NAME = AppIcon;
				CODE_SIGN_STYLE = Automatic;
				DEVELOPMENT_TEAM = JTAG74X942;
				INFOPLIST_FILE = Eat/Info.plist;
				IPHONEOS_DEPLOYMENT_TARGET = 9.0;
				LD_RUNPATH_SEARCH_PATHS = "$(inherited) @executable_path/Frameworks";
				PRODUCT_BUNDLE_IDENTIFIER = com.digitalbath.eatone;
				PRODUCT_NAME = "$(TARGET_NAME)";
				TARGETED_DEVICE_FAMILY = 1;
			};
			name = Release;
		};
/* End XCBuildConfiguration section */

/* Begin XCConfigurationList section */
		AFD29C982079F228008AFF9F /* Build configuration list for PBXProject "Eat" */ = {
			isa = XCConfigurationList;
			buildConfigurations = (
				AFD29CB42079F228008AFF9F /* Debug */,
				AFD29CB52079F228008AFF9F /* Release */,
			);
			defaultConfigurationIsVisible = 0;
			defaultConfigurationName = Release;
		};
		AFD29CB62079F228008AFF9F /* Build configuration list for PBXNativeTarget "Eat" */ = {
			isa = XCConfigurationList;
			buildConfigurations = (
				AFD29CB72079F228008AFF9F /* Debug */,
				AFD29CB82079F228008AFF9F /* Release */,
			);
			defaultConfigurationIsVisible = 0;
			defaultConfigurationName = Release;
		};
/* End XCConfigurationList section */

/* Begin XCVersionGroup section */
		AFD29CA92079F228008AFF9F /* Eat.xcdatamodeld */ = {
			isa = XCVersionGroup;
			children = (
				AFD29CAA2079F228008AFF9F /* Eat.xcdatamodel */,
			);
			currentVersion = AFD29CAA2079F228008AFF9F /* Eat.xcdatamodel */;
			path = Eat.xcdatamodeld;
			sourceTree = "<group>";
			versionGroupType = wrapper.xcdatamodel;
		};
/* End XCVersionGroup section */
	};
	rootObject = AFD29C952079F228008AFF9F /* Project object */;
}
